
Microsoft Visual Studio Solution File, Format Version 12.00
# Visual Studio 15
VisualStudioVersion = 15.0.27004.2005
MinimumVisualStudioVersion = 10.0.40219.1
Project("{9A19103F-16F7-4668-BE54-9A1E7A4F7556}") = "AuthServer", "AuthServer\AuthServer.csproj", "{2741E394-860C-4C28-90E0-D83C399AFB0F}"
EndProject
Project("{9A19103F-16F7-4668-BE54-9A1E7A4F7556}") = "APIDemo", "APIDemo\APIDemo.csproj", "{85313CE7-A38F-457B-91A1-A3B007B6DFA3}"
EndProject
Project("{9A19103F-16F7-4668-BE54-9A1E7A4F7556}") = "ClientDemo", "ClientDemo\ClientDemo.csproj", "{0EF918B7-85EC-4FFE-BB8E-B0C66C1A1649}"
EndProject
Project("{FAE04EC0-301F-11D3-BF4B-00C04F79EFBC}") = "WebAppDemo", "WebAppDemo\WebAppDemo.csproj", "{A2F497C7-DC99-44BD-9E26-9F0A163C31BC}"
EndProject
Global
	GlobalSection(SolutionConfigurationPlatforms) = preSolution
		Debug|Any CPU = Debug|Any CPU
		Release|Any CPU = Release|Any CPU
	EndGlobalSection
	GlobalSection(ProjectConfigurationPlatforms) = postSolution
		{2741E394-860C-4C28-90E0-D83C399AFB0F}.Debug|Any CPU.ActiveCfg = Debug|Any CPU
		{2741E394-860C-4C28-90E0-D83C399AFB0F}.Debug|Any CPU.Build.0 = Debug|Any CPU
		{2741E394-860C-4C28-90E0-D83C399AFB0F}.Release|Any CPU.ActiveCfg = Release|Any CPU
		{2741E394-860C-4C28-90E0-D83C399AFB0F}.Release|Any CPU.Build.0 = Release|Any CPU
		{85313CE7-A38F-457B-91A1-A3B007B6DFA3}.Debug|Any CPU.ActiveCfg = Debug|Any CPU
		{85313CE7-A38F-457B-91A1-A3B007B6DFA3}.Debug|Any CPU.Build.0 = Debug|Any CPU
		{85313CE7-A38F-457B-91A1-A3B007B6DFA3}.Release|Any CPU.ActiveCfg = Release|Any CPU
		{85313CE7-A38F-457B-91A1-A3B007B6DFA3}.Release|Any CPU.Build.0 = Release|Any CPU
		{0EF918B7-85EC-4FFE-BB8E-B0C66C1A1649}.Debug|Any CPU.ActiveCfg = Debug|Any CPU
		{0EF918B7-85EC-4FFE-BB8E-B0C66C1A1649}.Debug|Any CPU.Build.0 = Debug|Any CPU
		{0EF918B7-85EC-4FFE-BB8E-B0C66C1A1649}.Release|Any CPU.ActiveCfg = Release|Any CPU
		{0EF918B7-85EC-4FFE-BB8E-B0C66C1A1649}.Release|Any CPU.Build.0 = Release|Any CPU
		{A2F497C7-DC99-44BD-9E26-9F0A163C31BC}.Debug|Any CPU.ActiveCfg = Debug|Any CPU
		{A2F497C7-DC99-44BD-9E26-9F0A163C31BC}.Debug|Any CPU.Build.0 = Debug|Any CPU
		{A2F497C7-DC99-44BD-9E26-9F0A163C31BC}.Release|Any CPU.ActiveCfg = Release|Any CPU
		{A2F497C7-DC99-44BD-9E26-9F0A163C31BC}.Release|Any CPU.Build.0 = Release|Any CPU
	EndGlobalSection
	GlobalSection(SolutionProperties) = preSolution
		HideSolutionNode = FALSE
	EndGlobalSection
	GlobalSection(ExtensibilityGlobals) = postSolution
		SolutionGuid = {40D940EE-E568-42B3-A098-043D3A22776D}
	EndGlobalSection
EndGlobal
